{
  "name": "finanza",
  "version": "0.0.0",
  "lockfileVersion": 1,
  "requires": true,
  "dependencies": {
    "dayjs": {
      "version": "1.6.9",
      "resolved": "https://registry.npmjs.org/dayjs/-/dayjs-1.6.9.tgz",
      "integrity": "sha512-6e9R/dKeERbUuiRoEIcEBTFSnCDHAq7Hzw99fPZMJbee2ZlqDCpvrE9MWWW6QN6nZ2W+Dfa7el9HkeJk7ui9TQ=="
    }
  }
}
